<?xml version="1.0" encoding="utf-8"?>
<Project ToolsVersion="4.0" xmlns="http://schemas.microsoft.com/developer/msbuild/2003">
  <ItemGroup>
    <Filter Include="Source Files">
      <UniqueIdentifier>{4FC737F1-C7A5-4376-A066-2A32D752A2FF}</UniqueIdentifier>
      <Extensions>cpp;c;cc;cxx;def;odl;idl;hpj;bat;asm;asmx</Extensions>
    </Filter>
    <Filter Include="Header Files">
      <UniqueIdentifier>{93995380-89BD-4b04-88EB-625FBE52EBFB}</UniqueIdentifier>
      <Extensions>h;hh;hpp;hxx;hm;inl;inc;xsd</Extensions>
    </Filter>
    <Filter Include="Resource Files">
      <UniqueIdentifier>{67DA6AB6-F800-4c08-8B7A-83BB121AAD01}</UniqueIdentifier>
      <Extensions>rc;ico;cur;bmp;dlg;rc2;rct;bin;rgs;gif;jpg;jpeg;jpe;resx;tiff;tif;png;wav;mfcribbon-ms</Extensions>
    </Filter>
  </ItemGroup>
  <ItemGroup>
    <Text Include="ReadMe.txt" />
  </ItemGroup>
  <ItemGroup>
    <ClInclude Include="stdafx.h">
      <Filter>Header Files</Filter>
    </ClInclude>
    <ClInclude Include="targetver.h">
      <Filter>Header Files</Filter>
    </ClInclude>
    <ClInclude Include="float2.h">
      <Filter>Source Files</Filter>
    </ClInclude>
    <ClInclude Include="float3.h">
      <Filter>Source Files</Filter>
    </ClInclude>
    <ClInclude Include="float4.h">
      <Filter>Source Files</Filter>
    </ClInclude>
    <ClInclude Include="float4x4.h">
      <Filter>Source Files</Filter>
    </ClInclude>
    <ClInclude Include="Material.h">
      <Filter>Header Files</Filter>
    </ClInclude>
    <ClInclude Include="LightSource.h">
      <Filter>Header Files</Filter>
    </ClInclude>
    <ClInclude Include="DirectionalLight.h">
      <Filter>Header Files</Filter>
    </ClInclude>
    <ClInclude Include="PointLight.h">
      <Filter>Header Files</Filter>
    </ClInclude>
    <ClInclude Include="DiffuseMaterial.h">
      <Filter>Header Files</Filter>
    </ClInclude>
    <ClInclude Include="Scene.h">
      <Filter>Header Files</Filter>
    </ClInclude>
    <ClInclude Include="Intersectable.h">
      <Filter>Header Files</Filter>
    </ClInclude>
    <ClInclude Include="Hit.h">
      <Filter>Header Files</Filter>
    </ClInclude>
    <ClInclude Include="Ray.h">
      <Filter>Header Files</Filter>
    </ClInclude>
    <ClInclude Include="Camera.h">
      <Filter>Header Files</Filter>
    </ClInclude>
    <ClInclude Include="QuadraticRoots.h">
      <Filter>Header Files</Filter>
    </ClInclude>
    <ClInclude Include="Plane.h">
      <Filter>Header Files</Filter>
    </ClInclude>
    <ClInclude Include="Quadric.h">
      <Filter>Header Files</Filter>
    </ClInclude>
    <ClInclude Include="ClippedQuadric.h">
      <Filter>Header Files</Filter>
    </ClInclude>
    <ClInclude Include="BlinnPhong.h">
      <Filter>Header Files</Filter>
    </ClInclude>
    <ClInclude Include="ChessBoard.h">
      <Filter>Header Files</Filter>
    </ClInclude>
    <ClInclude Include="Wood.h">
      <Filter>Header Files</Filter>
    </ClInclude>
    <ClInclude Include="Marble.h">
      <Filter>Header Files</Filter>
    </ClInclude>
    <ClInclude Include="Metal.h">
      <Filter>Header Files</Filter>
    </ClInclude>
    <ClInclude Include="Dielectric.h">
      <Filter>Header Files</Filter>
    </ClInclude>
    <ClInclude Include="DarkMarble.h">
      <Filter>Header Files</Filter>
    </ClInclude>
    <ClInclude Include="RoughDiffuse.h">
      <Filter>Header Files</Filter>
    </ClInclude>
  </ItemGroup>
  <ItemGroup>
    <ClCompile Include="stdafx.cpp">
      <Filter>Source Files</Filter>
    </ClCompile>
    <ClCompile Include="RayCasing.cpp">
      <Filter>Source Files</Filter>
    </ClCompile>
    <ClCompile Include="main.cpp">
      <Filter>Source Files</Filter>
    </ClCompile>
    <ClCompile Include="Material.cpp">
      <Filter>Source Files</Filter>
    </ClCompile>
    <ClCompile Include="LightSource.cpp">
      <Filter>Source Files</Filter>
    </ClCompile>
    <ClCompile Include="DirectionalLight.cpp">
      <Filter>Source Files</Filter>
    </ClCompile>
    <ClCompile Include="PointLight.cpp">
      <Filter>Source Files</Filter>
    </ClCompile>
    <ClCompile Include="DiffuseMaterial.cpp">
      <Filter>Source Files</Filter>
    </ClCompile>
    <ClCompile Include="Scene.cpp">
      <Filter>Source Files</Filter>
    </ClCompile>
    <ClCompile Include="Intersectable.cpp">
      <Filter>Source Files</Filter>
    </ClCompile>
    <ClCompile Include="Hit.cpp">
      <Filter>Source Files</Filter>
    </ClCompile>
    <ClCompile Include="Ray.cpp">
      <Filter>Source Files</Filter>
    </ClCompile>
    <ClCompile Include="Camera.cpp">
      <Filter>Source Files</Filter>
    </ClCompile>
    <ClCompile Include="QuadraticRoots.cpp">
      <Filter>Source Files</Filter>
    </ClCompile>
    <ClCompile Include="Plane.cpp">
      <Filter>Source Files</Filter>
    </ClCompile>
    <ClCompile Include="Quadric.cpp">
      <Filter>Source Files</Filter>
    </ClCompile>
    <ClCompile Include="ClippedQuadric.cpp">
      <Filter>Source Files</Filter>
    </ClCompile>
    <ClCompile Include="BlinnPhong.cpp">
      <Filter>Source Files</Filter>
    </ClCompile>
    <ClCompile Include="ChessBoard.cpp">
      <Filter>Source Files</Filter>
    </ClCompile>
    <ClCompile Include="Wood.cpp">
      <Filter>Source Files</Filter>
    </ClCompile>
    <ClCompile Include="Marble.cpp">
      <Filter>Source Files</Filter>
    </ClCompile>
    <ClCompile Include="Metal.cpp">
      <Filter>Source Files</Filter>
    </ClCompile>
    <ClCompile Include="Dielectric.cpp">
      <Filter>Source Files</Filter>
    </ClCompile>
    <ClCompile Include="DarkMarble.cpp">
      <Filter>Source Files</Filter>
    </ClCompile>
    <ClCompile Include="RoughDiffuse.cpp">
      <Filter>Source Files</Filter>
    </ClCompile>
  </ItemGroup>
</Project>